lockfileVersion: '9.0'

settings:
  autoInstallPeers: true
  excludeLinksFromLockfile: false

importers:

  .:
    dependencies:
      chalk:
        specifier: ^5.3.0
        version: 5.3.0
      color-name:
        specifier: ^2.0.0
        version: 2.0.0
      color-parse:
        specifier: ^2.0.2
        version: 2.0.2
      color-string:
        specifier: ^1.9.1
        version: 1.9.1
      parse-color:
        specifier: ^1.0.0
        version: 1.0.0
      randomcolor:
        specifier: ^0.6.2
        version: 0.6.2
      typescript:
        specifier: ^5.4.5
        version: 5.4.5
    devDependencies:
      '@types/node':
        specifier: ^20.12.10
        version: 20.12.10

packages:

  '@types/node@20.12.10':
    resolution: {integrity: sha512-Eem5pH9pmWBHoGAT8Dr5fdc5rYA+4NAovdM4EktRPVAAiJhmWWfQrA0cFhAbOsQdSfIHjAud6YdkbL69+zSKjw==}

  chalk@5.3.0:
    resolution: {integrity: sha512-dLitG79d+GV1Nb/VYcCDFivJeK1hiukt9QjRNVOsUtTy1rR1YJsmpGGTZ3qJos+uw7WmWF4wUwBd9jxjocFC2w==}
    engines: {node: ^12.17.0 || ^14.13 || >=16.0.0}

  color-convert@0.5.3:
    resolution: {integrity: sha512-RwBeO/B/vZR3dfKL1ye/vx8MHZ40ugzpyfeVG5GsiuGnrlMWe2o8wxBbLCpw9CsxV+wHuzYlCiWnybrIA0ling==}

  color-name@1.1.4:
    resolution: {integrity: sha512-dOy+3AuW3a2wNbZHIuMZpTcgjGuLU/uBL/ubcZF9OXbDo8ff4O8yVp5Bf0efS8uEoYo5q4Fx7dY9OgQGXgAsQA==}

  color-name@2.0.0:
    resolution: {integrity: sha512-SbtvAMWvASO5TE2QP07jHBMXKafgdZz8Vrsrn96fiL+O92/FN/PLARzUW5sKt013fjAprK2d2iCn2hk2Xb5oow==}
    engines: {node: '>=12.20'}

  color-parse@2.0.2:
    resolution: {integrity: sha512-eCtOz5w5ttWIUcaKLiktF+DxZO1R9KLNY/xhbV6CkhM7sR3GhVghmt6X6yOnzeaM24po+Z9/S1apbXMwA3Iepw==}

  color-string@1.9.1:
    resolution: {integrity: sha512-shrVawQFojnZv6xM40anx4CkoDP+fZsw/ZerEMsW/pyzsRbElpsL/DBVW7q3ExxwusdNXI3lXpuhEZkzs8p5Eg==}

  is-arrayish@0.3.2:
    resolution: {integrity: sha512-eVRqCvVlZbuw3GrM63ovNSNAeA1K16kaR/LRY/92w0zxQ5/1YzwblUX652i4Xs9RwAGjW9d9y6X88t8OaAJfWQ==}

  parse-color@1.0.0:
    resolution: {integrity: sha512-fuDHYgFHJGbpGMgw9skY/bj3HL/Jrn4l/5rSspy00DoT4RyLnDcRvPxdZ+r6OFwIsgAuhDh4I09tAId4mI12bw==}

  randomcolor@0.6.2:
    resolution: {integrity: sha512-Mn6TbyYpFgwFuQ8KJKqf3bqqY9O1y37/0jgSK/61PUxV4QfIMv0+K2ioq8DfOjkBslcjwSzRfIDEXfzA9aCx7A==}

  simple-swizzle@0.2.2:
    resolution: {integrity: sha512-JA//kQgZtbuY83m+xT+tXJkmJncGMTFT+C+g2h2R9uxkYIrE2yy9sgmcLhCnw57/WSD+Eh3J97FPEDFnbXnDUg==}

  typescript@5.4.5:
    resolution: {integrity: sha512-vcI4UpRgg81oIRUFwR0WSIHKt11nJ7SAVlYNIu+QpqeyXP+gpQJy/Z4+F0aGxSE4MqwjyXvW/TzgkLAx2AGHwQ==}
    engines: {node: '>=14.17'}
    hasBin: true

  undici-types@5.26.5:
    resolution: {integrity: sha512-JlCMO+ehdEIKqlFxk6IfVoAUVmgz7cU7zD/h9XZ0qzeosSHmUJVOzSQvvYSYWXkFXC+IfLKSIffhv0sVZup6pA==}

snapshots:

  '@types/node@20.12.10':
    dependencies:
      undici-types: 5.26.5

  chalk@5.3.0: {}

  color-convert@0.5.3: {}

  color-name@1.1.4: {}

  color-name@2.0.0: {}

  color-parse@2.0.2:
    dependencies:
      color-name: 2.0.0

  color-string@1.9.1:
    dependencies:
      color-name: 1.1.4
      simple-swizzle: 0.2.2

  is-arrayish@0.3.2: {}

  parse-color@1.0.0:
    dependencies:
      color-convert: 0.5.3

  randomcolor@0.6.2: {}

  simple-swizzle@0.2.2:
    dependencies:
      is-arrayish: 0.3.2

  typescript@5.4.5: {}

  undici-types@5.26.5: {}
